# THIS IS AN AUTOGENERATED FILE. DO NOT EDIT THIS FILE DIRECTLY.
# yarn lockfile v1


"@cspotcode/source-map-support@^0.8.0":
  version "0.8.1"
  dependencies:
    "@jridgewell/trace-mapping" "0.3.9"

"@discordjs/builders@^1.6.3":
  version "1.6.3"
  dependencies:
    "@discordjs/formatters" "^0.3.1"
    "@discordjs/util" "^0.3.1"
    "@sapphire/shapeshift" "^3.8.2"
    discord-api-types "^0.37.41"
    fast-deep-equal "^3.1.3"
    ts-mixer "^6.0.3"
    tslib "^2.5.0"

"@discordjs/collection@^1.5.1":
  version "1.5.1"

"@discordjs/formatters@^0.3.1":
  version "0.3.1"
  dependencies:
    discord-api-types "^0.37.41"

"@discordjs/node-pre-gyp@^0.4.5":
  version "0.4.5"
  dependencies:
    detect-libc "^2.0.0"
    https-proxy-agent "^5.0.0"
    make-dir "^3.1.0"
    node-fetch "^2.6.7"
    nopt "^5.0.0"
    npmlog "^5.0.1"
    rimraf "^3.0.2"
    semver "^7.3.5"
    tar "^6.1.11"

"@discordjs/opus@^0.9.0", "@discordjs/opus@>=0.8.0 <1.0.0":
  version "0.9.0"
  dependencies:
    "@discordjs/node-pre-gyp" "^0.4.5"
    node-addon-api "^5.0.0"

"@discordjs/rest@^1.7.1":
  version "1.7.1"
  dependencies:
    "@discordjs/collection" "^1.5.1"
    "@discordjs/util" "^0.3.0"
    "@sapphire/async-queue" "^1.5.0"
    "@sapphire/snowflake" "^3.4.2"
    discord-api-types "^0.37.41"
    file-type "^18.3.0"
    tslib "^2.5.0"
    undici "^5.22.0"

"@discordjs/util@^0.3.0", "@discordjs/util@^0.3.1":
  version "0.3.1"

"@discordjs/voice@^0.16.0":
  version "0.16.0"
  dependencies:
    "@types/ws" "^8.5.4"
    discord-api-types "^0.37.37"
    prism-media "^1.3.5"
    tslib "^2.5.0"
    ws "^8.13.0"

"@discordjs/ws@^0.8.3":
  version "0.8.3"
  dependencies:
    "@discordjs/collection" "^1.5.1"
    "@discordjs/rest" "^1.7.1"
    "@discordjs/util" "^0.3.1"
    "@sapphire/async-queue" "^1.5.0"
    "@types/ws" "^8.5.4"
    "@vladfrangu/async_event_emitter" "^2.2.1"
    discord-api-types "^0.37.41"
    tslib "^2.5.0"
    ws "^8.13.0"

"@hbis/three-obj-mtl-loader@^1.1.0":
  version "1.1.0"

"@isaacs/cliui@^8.0.2":
  version "8.0.2"
  dependencies:
    string-width "^5.1.2"
    string-width-cjs "npm:string-width@^4.2.0"
    strip-ansi "^7.0.1"
    strip-ansi-cjs "npm:strip-ansi@^6.0.1"
    wrap-ansi "^8.1.0"
    wrap-ansi-cjs "npm:wrap-ansi@^7.0.0"

"@jimp/bmp@^0.22.8":
  version "0.22.8"
  dependencies:
    "@jimp/utils" "^0.22.8"
    bmp-js "^0.1.0"

"@jimp/core@^0.22.8":
  version "0.22.8"
  dependencies:
    "@jimp/utils" "^0.22.8"
    any-base "^1.1.0"
    buffer "^5.2.0"
    exif-parser "^0.1.12"
    file-type "^16.5.4"
    isomorphic-fetch "^3.0.0"
    mkdirp "^2.1.3"
    pixelmatch "^4.0.2"
    tinycolor2 "^1.6.0"

"@jimp/custom@^0.22.8", "@jimp/custom@>=0.3.5":
  version "0.22.8"
  dependencies:
    "@jimp/core" "^0.22.8"

"@jimp/gif@^0.22.8":
  version "0.22.8"
  dependencies:
    "@jimp/utils" "^0.22.8"
    gifwrap "^0.9.2"
    omggif "^1.0.9"

"@jimp/jpeg@^0.22.8":
  version "0.22.8"
  dependencies:
    "@jimp/utils" "^0.22.8"
    jpeg-js "^0.4.4"

"@jimp/plugin-blit@^0.22.8", "@jimp/plugin-blit@>=0.3.5":
  version "0.22.8"
  dependencies:
    "@jimp/utils" "^0.22.8"

"@jimp/plugin-blur@^0.22.8", "@jimp/plugin-blur@>=0.3.5":
  version "0.22.8"
  dependencies:
    "@jimp/utils" "^0.22.8"

"@jimp/plugin-circle@^0.22.8":
  version "0.22.8"
  dependencies:
    "@jimp/utils" "^0.22.8"

"@jimp/plugin-color@^0.22.8", "@jimp/plugin-color@>=0.8.0":
  version "0.22.8"
  dependencies:
    "@jimp/utils" "^0.22.8"
    tinycolor2 "^1.6.0"

"@jimp/plugin-contain@^0.22.8":
  version "0.22.8"
  dependencies:
    "@jimp/utils" "^0.22.8"

"@jimp/plugin-cover@^0.22.8":
  version "0.22.8"
  dependencies:
    "@jimp/utils" "^0.22.8"

"@jimp/plugin-crop@^0.22.8", "@jimp/plugin-crop@>=0.3.5":
  version "0.22.8"
  dependencies:
    "@jimp/utils" "^0.22.8"

"@jimp/plugin-displace@^0.22.8":
  version "0.22.8"
  dependencies:
    "@jimp/utils" "^0.22.8"

"@jimp/plugin-dither@^0.22.8":
  version "0.22.8"
  dependencies:
    "@jimp/utils" "^0.22.8"

"@jimp/plugin-fisheye@^0.22.8":
  version "0.22.8"
  dependencies:
    "@jimp/utils" "^0.22.8"

"@jimp/plugin-flip@^0.22.8":
  version "0.22.8"
  dependencies:
    "@jimp/utils" "^0.22.8"

"@jimp/plugin-gaussian@^0.22.8":
  version "0.22.8"
  dependencies:
    "@jimp/utils" "^0.22.8"

"@jimp/plugin-invert@^0.22.8":
  version "0.22.8"
  dependencies:
    "@jimp/utils" "^0.22.8"

"@jimp/plugin-mask@^0.22.8":
  version "0.22.8"
  dependencies:
    "@jimp/utils" "^0.22.8"

"@jimp/plugin-normalize@^0.22.8":
  version "0.22.8"
  dependencies:
    "@jimp/utils" "^0.22.8"

"@jimp/plugin-print@^0.22.8":
  version "0.22.8"
  dependencies:
    "@jimp/utils" "^0.22.8"
    load-bmfont "^1.4.1"

"@jimp/plugin-resize@^0.22.8", "@jimp/plugin-resize@>=0.3.5", "@jimp/plugin-resize@>=0.8.0":
  version "0.22.8"
  dependencies:
    "@jimp/utils" "^0.22.8"

"@jimp/plugin-rotate@^0.22.8", "@jimp/plugin-rotate@>=0.3.5":
  version "0.22.8"
  dependencies:
    "@jimp/utils" "^0.22.8"

"@jimp/plugin-scale@^0.22.8", "@jimp/plugin-scale@>=0.3.5":
  version "0.22.8"
  dependencies:
    "@jimp/utils" "^0.22.8"

"@jimp/plugin-shadow@^0.22.8":
  version "0.22.8"
  dependencies:
    "@jimp/utils" "^0.22.8"

"@jimp/plugin-threshold@^0.22.8":
  version "0.22.8"
  dependencies:
    "@jimp/utils" "^0.22.8"

"@jimp/plugins@^0.22.8":
  version "0.22.8"
  dependencies:
    "@jimp/plugin-blit" "^0.22.8"
    "@jimp/plugin-blur" "^0.22.8"
    "@jimp/plugin-circle" "^0.22.8"
    "@jimp/plugin-color" "^0.22.8"
    "@jimp/plugin-contain" "^0.22.8"
    "@jimp/plugin-cover" "^0.22.8"
    "@jimp/plugin-crop" "^0.22.8"
    "@jimp/plugin-displace" "^0.22.8"
    "@jimp/plugin-dither" "^0.22.8"
    "@jimp/plugin-fisheye" "^0.22.8"
    "@jimp/plugin-flip" "^0.22.8"
    "@jimp/plugin-gaussian" "^0.22.8"
    "@jimp/plugin-invert" "^0.22.8"
    "@jimp/plugin-mask" "^0.22.8"
    "@jimp/plugin-normalize" "^0.22.8"
    "@jimp/plugin-print" "^0.22.8"
    "@jimp/plugin-resize" "^0.22.8"
    "@jimp/plugin-rotate" "^0.22.8"
    "@jimp/plugin-scale" "^0.22.8"
    "@jimp/plugin-shadow" "^0.22.8"
    "@jimp/plugin-threshold" "^0.22.8"
    timm "^1.6.1"

"@jimp/png@^0.22.8":
  version "0.22.8"
  dependencies:
    "@jimp/utils" "^0.22.8"
    pngjs "^6.0.0"

"@jimp/tiff@^0.22.8":
  version "0.22.8"
  dependencies:
    utif2 "^4.0.1"

"@jimp/types@^0.22.8":
  version "0.22.8"
  dependencies:
    "@jimp/bmp" "^0.22.8"
    "@jimp/gif" "^0.22.8"
    "@jimp/jpeg" "^0.22.8"
    "@jimp/png" "^0.22.8"
    "@jimp/tiff" "^0.22.8"
    timm "^1.6.1"

"@jimp/utils@^0.22.8":
  version "0.22.8"
  dependencies:
    regenerator-runtime "^0.13.3"

"@jridgewell/resolve-uri@^3.0.3":
  version "3.1.1"

"@jridgewell/sourcemap-codec@^1.4.10":
  version "1.4.15"

"@jridgewell/trace-mapping@0.3.9":
  version "0.3.9"
  dependencies:
    "@jridgewell/resolve-uri" "^3.0.3"
    "@jridgewell/sourcemap-codec" "^1.4.10"

"@mapbox/node-pre-gyp@^1.0.0":
  version "1.0.10"
  dependencies:
    detect-libc "^2.0.0"
    https-proxy-agent "^5.0.0"
    make-dir "^3.1.0"
    node-fetch "^2.6.7"
    nopt "^5.0.0"
    npmlog "^5.0.1"
    rimraf "^3.0.2"
    semver "^7.3.5"
    tar "^6.1.11"

"@npmcli/fs@^3.1.0":
  version "3.1.0"
  dependencies:
    semver "^7.3.5"

"@otiskujawa/node-canvas-webgl@^0.2.7":
  version "0.2.9"
  dependencies:
    canvas "^2.6.0"
    gl "^6.0.0"

"@pkgjs/parseargs@^0.11.0":
  version "0.11.0"

"@sapphire/async-queue@^1.5.0":
  version "1.5.0"

"@sapphire/shapeshift@^3.8.2":
  version "3.9.0"
  dependencies:
    fast-deep-equal "^3.1.3"
    lodash "^4.17.21"

"@sapphire/snowflake@^3.4.2":
  version "3.5.1"

"@taku.moe/pura@^1.0.4":
  version "1.0.4"

"@taku.moe/utils@^1.0.9":
  version "1.0.9"

"@tokenizer/token@^0.3.0":
  version "0.3.0"

"@tootallnate/once@2":
  version "2.0.0"

"@triptyk/tsyringe@^4.7.1":
  version "4.7.1"
  dependencies:
    tslib "^1.9.3"

"@tsconfig/node10@^1.0.7":
  version "1.0.9"

"@tsconfig/node12@^1.0.7":
  version "1.0.11"

"@tsconfig/node14@^1.0.0":
  version "1.0.3"

"@tsconfig/node16@^1.0.2":
  version "1.0.4"

"@types/chai@^4.2.21":
  version "4.3.5"

"@types/chroma-js@*":
  version "2.4.0"

"@types/file-type@^10.9.1":
  version "10.9.1"
  dependencies:
    file-type "*"

"@types/get-image-colors@^4.0.1":
  version "4.0.2"
  dependencies:
    "@types/chroma-js" "*"
    "@types/node" "*"

"@types/gifencoder@^2.0.1":
  version "2.0.1"
  dependencies:
    "@types/node" "*"

"@types/js-levenshtein@^1.1.0":
  version "1.1.1"

"@types/mocha@^10.0.1":
  version "10.0.1"

"@types/multi-progress@^2.0.3":
  version "2.0.3"
  dependencies:
    "@types/node" "*"
    "@types/progress" "*"

"@types/mv@^2.1.2":
  version "2.1.2"

"@types/node@*":
  version "20.2.4"

"@types/node@16.9.1":
  version "16.9.1"

"@types/progress@*":
  version "2.0.5"
  dependencies:
    "@types/node" "*"

"@types/three@^0.131.0":
  version "0.131.1"

"@types/webidl-conversions@*":
  version "7.0.0"

"@types/whatwg-url@^8.2.1":
  version "8.2.2"
  dependencies:
    "@types/node" "*"
    "@types/webidl-conversions" "*"

"@types/ws@^8.5.4":
  version "8.5.4"
  dependencies:
    "@types/node" "*"

"@vladfrangu/async_event_emitter@^2.2.1":
  version "2.2.2"

abbrev@^1.0.0, abbrev@1:
  version "1.1.1"

acorn-walk@^8.1.1:
  version "8.2.0"

acorn@^8.4.1:
  version "8.8.2"

agent-base@^6.0.2, agent-base@6:
  version "6.0.2"
  dependencies:
    debug "4"

agentkeepalive@^4.2.1:
  version "4.3.0"
  dependencies:
    debug "^4.1.0"
    depd "^2.0.0"
    humanize-ms "^1.2.1"

aggregate-error@^3.0.0:
  version "3.1.0"
  dependencies:
    clean-stack "^2.0.0"
    indent-string "^4.0.0"

ajv@^6.12.3:
  version "6.12.6"
  dependencies:
    fast-deep-equal "^3.1.1"
    fast-json-stable-stringify "^2.0.0"
    json-schema-traverse "^0.4.1"
    uri-js "^4.2.2"

ansi-colors@4.1.1:
  version "4.1.1"

ansi-regex@^5.0.1:
  version "5.0.1"

ansi-regex@^6.0.1:
  version "6.0.1"

ansi-styles@^4.0.0, ansi-styles@^4.1.0:
  version "4.3.0"
  dependencies:
    color-convert "^2.0.1"

ansi-styles@^6.1.0:
  version "6.2.1"

any-base@^1.1.0:
  version "1.1.0"

anymatch@~3.1.2:
  version "3.1.3"
  dependencies:
    normalize-path "^3.0.0"
    picomatch "^2.0.4"

"aproba@^1.0.3 || ^2.0.0":
  version "2.0.0"

are-we-there-yet@^2.0.0:
  version "2.0.0"
  dependencies:
    delegates "^1.0.0"
    readable-stream "^3.6.0"

are-we-there-yet@^3.0.0:
  version "3.0.1"
  dependencies:
    delegates "^1.0.0"
    readable-stream "^3.6.0"

arg@^4.1.0:
  version "4.1.3"

argparse@^2.0.1:
  version "2.0.1"

asn1@~0.2.3:
  version "0.2.6"
  dependencies:
    safer-buffer "~2.1.0"

assert-plus@^1.0.0, assert-plus@1.0.0:
  version "1.0.0"

assertion-error@^1.1.0:
  version "1.1.0"

asynckit@^0.4.0:
  version "0.4.0"

aws-sign2@~0.7.0:
  version "0.7.0"

aws4@^1.8.0:
  version "1.12.0"

axios@^1.4.0:
  version "1.4.0"
  dependencies:
    follow-redirects "^1.15.0"
    form-data "^4.0.0"
    proxy-from-env "^1.1.0"

balanced-match@^1.0.0:
  version "1.0.2"

base64-js@^1.3.1:
  version "1.5.1"

bcrypt-pbkdf@^1.0.0:
  version "1.0.2"
  dependencies:
    tweetnacl "^0.14.3"

binary-extensions@^2.0.0:
  version "2.2.0"

bindings@^1.5.0:
  version "1.5.0"
  dependencies:
    file-uri-to-path "1.0.0"

bit-twiddle@^1.0.2:
  version "1.0.2"

bl@^4.0.3:
  version "4.1.0"
  dependencies:
    buffer "^5.5.0"
    inherits "^2.0.4"
    readable-stream "^3.4.0"

bmp-js@^0.1.0:
  version "0.1.0"

boolbase@~1.0.0:
  version "1.0.0"

brace-expansion@^1.1.7:
  version "1.1.11"
  dependencies:
    balanced-match "^1.0.0"
    concat-map "0.0.1"

brace-expansion@^2.0.1:
  version "2.0.1"
  dependencies:
    balanced-match "^1.0.0"

braces@~3.0.2:
  version "3.0.2"
  dependencies:
    fill-range "^7.0.1"

browser-stdout@1.3.1:
  version "1.3.1"

bson@^5.3.0:
  version "5.3.0"

buffer-equal@0.0.1:
  version "0.0.1"

buffer@^5.2.0, buffer@^5.5.0:
  version "5.7.1"
  dependencies:
    base64-js "^1.3.1"
    ieee754 "^1.1.13"

busboy@^1.6.0:
  version "1.6.0"
  dependencies:
    streamsearch "^1.1.0"

cacache@^17.0.0:
  version "17.1.3"
  dependencies:
    "@npmcli/fs" "^3.1.0"
    fs-minipass "^3.0.0"
    glob "^10.2.2"
    lru-cache "^7.7.1"
    minipass "^5.0.0"
    minipass-collect "^1.0.2"
    minipass-flush "^1.0.5"
    minipass-pipeline "^1.2.4"
    p-map "^4.0.0"
    ssri "^10.0.0"
    tar "^6.1.11"
    unique-filename "^3.0.0"

camelcase@^6.0.0:
  version "6.3.0"

canvas@^2.11.2, canvas@^2.2.0, canvas@^2.6.0:
  version "2.11.2"
  dependencies:
    "@mapbox/node-pre-gyp" "^1.0.0"
    nan "^2.17.0"
    simple-get "^3.0.3"

caseless@~0.12.0:
  version "0.12.0"

chai@^4.3.4:
  version "4.3.7"
  dependencies:
    assertion-error "^1.1.0"
    check-error "^1.0.2"
    deep-eql "^4.1.2"
    get-func-name "^2.0.0"
    loupe "^2.3.1"
    pathval "^1.1.1"
    type-detect "^4.0.5"

chalk@^4.1.0:
  version "4.1.2"
  dependencies:
    ansi-styles "^4.1.0"
    supports-color "^7.1.0"

chalk@^5.3.0:
  version "5.3.0"

check-error@^1.0.2:
  version "1.0.2"

cheerio@^0.22.0:
  version "0.22.0"
  dependencies:
    css-select "~1.2.0"
    dom-serializer "~0.1.0"
    entities "~1.1.1"
    htmlparser2 "^3.9.1"
    lodash.assignin "^4.0.9"
    lodash.bind "^4.1.4"
    lodash.defaults "^4.0.1"
    lodash.filter "^4.4.0"
    lodash.flatten "^4.2.0"
    lodash.foreach "^4.3.0"
    lodash.map "^4.4.0"
    lodash.merge "^4.4.0"
    lodash.pick "^4.2.1"
    lodash.reduce "^4.4.0"
    lodash.reject "^4.4.0"
    lodash.some "^4.4.0"

chokidar@^3.5.2, chokidar@3.5.3:
  version "3.5.3"
  dependencies:
    anymatch "~3.1.2"
    braces "~3.0.2"
    glob-parent "~5.1.2"
    is-binary-path "~2.1.0"
    is-glob "~4.0.1"
    normalize-path "~3.0.0"
    readdirp "~3.6.0"
  optionalDependencies:
    fsevents "~2.3.2"

chownr@^1.1.1:
  version "1.1.4"

chownr@^2.0.0:
  version "2.0.0"

chroma-js@^2.0.3, chroma-js@^2.1.0:
  version "2.4.2"

clean-stack@^2.0.0:
  version "2.2.0"

cliui@^7.0.2:
  version "7.0.4"
  dependencies:
    string-width "^4.2.0"
    strip-ansi "^6.0.0"
    wrap-ansi "^7.0.0"

color-convert@^2.0.1:
  version "2.0.1"
  dependencies:
    color-name "~1.1.4"

color-name@~1.1.4:
  version "1.1.4"

color-support@^1.1.2, color-support@^1.1.3:
  version "1.1.3"

combined-stream@^1.0.6, combined-stream@^1.0.8, combined-stream@~1.0.6:
  version "1.0.8"
  dependencies:
    delayed-stream "~1.0.0"

concat-map@0.0.1:
  version "0.0.1"

console-control-strings@^1.0.0, console-control-strings@^1.1.0:
  version "1.1.0"

content-type@^1.0.5:
  version "1.0.5"

core-util-is@~1.0.0:
  version "1.0.3"

core-util-is@1.0.2:
  version "1.0.2"

create-require@^1.1.0:
  version "1.1.1"

cross-spawn@^7.0.0:
  version "7.0.3"
  dependencies:
    path-key "^3.1.0"
    shebang-command "^2.0.0"
    which "^2.0.1"

css-select@~1.2.0:
  version "1.2.0"
  dependencies:
    boolbase "~1.0.0"
    css-what "2.1"
    domutils "1.5.1"
    nth-check "~1.0.1"

css-what@2.1:
  version "2.1.3"

cwise-compiler@^1.1.2:
  version "1.1.3"
  dependencies:
    uniq "^1.0.0"

dashdash@^1.12.0:
  version "1.14.1"
  dependencies:
    assert-plus "^1.0.0"

data-uri-to-buffer@0.0.3:
  version "0.0.3"

debug@^3.2.7:
  version "3.2.7"
  dependencies:
    ms "^2.1.1"

debug@^4.1.0, debug@^4.3.3, debug@^4.3.4, debug@4, debug@4.3.4, debug@4.x:
  version "4.3.4"
  dependencies:
    ms "2.1.2"

decamelize@^4.0.0:
  version "4.0.0"

decompress-response@^4.2.0:
  version "4.2.1"
  dependencies:
    mimic-response "^2.0.0"

decompress-response@^6.0.0:
  version "6.0.0"
  dependencies:
    mimic-response "^3.1.0"

deep-eql@^4.1.2:
  version "4.1.3"
  dependencies:
    type-detect "^4.0.0"

deep-extend@^0.6.0:
  version "0.6.0"

delayed-stream@~1.0.0:
  version "1.0.0"

delegates@^1.0.0:
  version "1.0.0"

depd@^2.0.0:
  version "2.0.0"

detect-libc@^2.0.0:
  version "2.0.1"

diff@^4.0.1:
  version "4.0.2"

diff@5.0.0:
  version "5.0.0"

discord-api-types@^0.37.37, discord-api-types@^0.37.41:
  version "0.37.42"

discord.js@^14.11.0:
  version "14.11.0"
  dependencies:
    "@discordjs/builders" "^1.6.3"
    "@discordjs/collection" "^1.5.1"
    "@discordjs/formatters" "^0.3.1"
    "@discordjs/rest" "^1.7.1"
    "@discordjs/util" "^0.3.1"
    "@discordjs/ws" "^0.8.3"
    "@sapphire/snowflake" "^3.4.2"
    "@types/ws" "^8.5.4"
    discord-api-types "^0.37.41"
    fast-deep-equal "^3.1.3"
    lodash.snakecase "^4.1.1"
    tslib "^2.5.0"
    undici "^5.22.0"
    ws "^8.13.0"

dom-serializer@~0.1.0:
  version "0.1.1"
  dependencies:
    domelementtype "^1.3.0"
    entities "^1.1.1"

dom-serializer@0:
  version "0.2.2"
  dependencies:
    domelementtype "^2.0.1"
    entities "^2.0.0"

dom-walk@^0.1.0:
  version "0.1.2"

domelementtype@^1.3.0, domelementtype@^1.3.1, domelementtype@1:
  version "1.3.1"

domelementtype@^2.0.1:
  version "2.3.0"

domhandler@^2.3.0:
  version "2.4.2"
  dependencies:
    domelementtype "1"

domutils@^1.5.1:
  version "1.7.0"
  dependencies:
    dom-serializer "0"
    domelementtype "1"

domutils@1.5.1:
  version "1.5.1"
  dependencies:
    dom-serializer "0"
    domelementtype "1"

eastasianwidth@^0.2.0:
  version "0.2.0"

ecc-jsbn@~0.1.1:
  version "0.1.2"
  dependencies:
    jsbn "~0.1.0"
    safer-buffer "^2.1.0"

emoji-regex@^8.0.0:
  version "8.0.0"

emoji-regex@^9.2.2:
  version "9.2.2"

encoding@^0.1.0, encoding@^0.1.13:
  version "0.1.13"
  dependencies:
    iconv-lite "^0.6.2"

end-of-stream@^1.1.0, end-of-stream@^1.4.1:
  version "1.4.4"
  dependencies:
    once "^1.4.0"

entities@^1.1.1, entities@~1.1.1:
  version "1.1.2"

entities@^2.0.0:
  version "2.2.0"

env-paths@^2.2.0:
  version "2.2.1"

err-code@^2.0.2:
  version "2.0.3"

escalade@^3.1.1:
  version "3.1.1"

escape-string-regexp@4.0.0:
  version "4.0.0"

exif-parser@^0.1.12:
  version "0.1.12"

expand-template@^2.0.3:
  version "2.0.3"

exponential-backoff@^3.1.1:
  version "3.1.1"

extend@~3.0.2:
  version "3.0.2"

extsprintf@^1.2.0:
  version "1.4.1"

extsprintf@1.3.0:
  version "1.3.0"

fast-deep-equal@^3.1.1, fast-deep-equal@^3.1.3:
  version "3.1.3"

fast-json-stable-stringify@^2.0.0:
  version "2.1.0"

fast-xml-parser@^4.1.3:
  version "4.2.2"
  dependencies:
    strnum "^1.0.5"

file-type@*:
  version "18.4.0"
  dependencies:
    readable-web-to-node-stream "^3.0.2"
    strtok3 "^7.0.0"
    token-types "^5.0.1"

file-type@^16.5.4:
  version "16.5.4"
  dependencies:
    readable-web-to-node-stream "^3.0.0"
    strtok3 "^6.2.4"
    token-types "^4.1.1"

file-type@^18.2.1:
  version "18.4.0"
  dependencies:
    readable-web-to-node-stream "^3.0.2"
    strtok3 "^7.0.0"
    token-types "^5.0.1"

file-type@^18.3.0:
  version "18.4.0"
  dependencies:
    readable-web-to-node-stream "^3.0.2"
    strtok3 "^7.0.0"
    token-types "^5.0.1"

file-type@^18.5.0:
  version "18.5.0"
  dependencies:
    readable-web-to-node-stream "^3.0.2"
    strtok3 "^7.0.0"
    token-types "^5.0.1"

file-uri-to-path@1.0.0:
  version "1.0.0"

fill-range@^7.0.1:
  version "7.0.1"
  dependencies:
    to-regex-range "^5.0.1"

find-up@5.0.0:
  version "5.0.0"
  dependencies:
    locate-path "^6.0.0"
    path-exists "^4.0.0"

flat@^5.0.2:
  version "5.0.2"

follow-redirects@^1.15.0:
  version "1.15.2"

foreground-child@^3.1.0:
  version "3.1.1"
  dependencies:
    cross-spawn "^7.0.0"
    signal-exit "^4.0.1"

forever-agent@~0.6.1:
  version "0.6.1"

form-data@^4.0.0:
  version "4.0.0"
  dependencies:
    asynckit "^0.4.0"
    combined-stream "^1.0.8"
    mime-types "^2.1.12"

form-data@~2.3.2:
  version "2.3.3"
  dependencies:
    asynckit "^0.4.0"
    combined-stream "^1.0.6"
    mime-types "^2.1.12"

fs-constants@^1.0.0:
  version "1.0.0"

fs-minipass@^2.0.0:
  version "2.1.0"
  dependencies:
    minipass "^3.0.0"

fs-minipass@^3.0.0:
  version "3.0.2"
  dependencies:
    minipass "^5.0.0"

fs.realpath@^1.0.0:
  version "1.0.0"

gauge@^3.0.0:
  version "3.0.2"
  dependencies:
    aproba "^1.0.3 || ^2.0.0"
    color-support "^1.1.2"
    console-control-strings "^1.0.0"
    has-unicode "^2.0.1"
    object-assign "^4.1.1"
    signal-exit "^3.0.0"
    string-width "^4.2.3"
    strip-ansi "^6.0.1"
    wide-align "^1.1.2"

gauge@^4.0.3:
  version "4.0.4"
  dependencies:
    aproba "^1.0.3 || ^2.0.0"
    color-support "^1.1.3"
    console-control-strings "^1.1.0"
    has-unicode "^2.0.1"
    signal-exit "^3.0.7"
    string-width "^4.2.3"
    strip-ansi "^6.0.1"
    wide-align "^1.1.5"

get-caller-file@^2.0.5:
  version "2.0.5"

get-func-name@^2.0.0:
  version "2.0.0"

get-image-colors@^4.0.1:
  version "4.0.1"
  dependencies:
    chroma-js "^2.1.0"
    get-pixels "^3.3.2"
    get-rgba-palette "^2.0.1"
    get-svg-colors "^2.0.0"
    pify "^5.0.0"

get-pixels@^3.3.2:
  version "3.3.3"
  dependencies:
    data-uri-to-buffer "0.0.3"
    jpeg-js "^0.4.1"
    mime-types "^2.0.1"
    ndarray "^1.0.13"
    ndarray-pack "^1.1.1"
    node-bitmap "0.0.1"
    omggif "^1.0.5"
    parse-data-uri "^0.2.0"
    pngjs "^3.3.3"
    request "^2.44.0"
    through "^2.3.4"

get-rgba-palette@^2.0.1:
  version "2.0.1"
  dependencies:
    quantize "^1.0.1"

get-svg-colors@^2.0.0:
  version "2.0.0"
  dependencies:
    cheerio "^0.22.0"
    chroma-js "^2.0.3"
    is-svg "^4.3.1"
    lodash.compact "^3.0.0"
    lodash.uniq "^4.5.0"

getpass@^0.1.1:
  version "0.1.7"
  dependencies:
    assert-plus "^1.0.0"

gifenc@^1.0.3:
  version "1.0.3"

gifencoder@^2.0.1:
  version "2.0.1"
  dependencies:
    canvas "^2.2.0"

gifwrap@^0.9.2:
  version "0.9.4"
  dependencies:
    image-q "^4.0.0"
    omggif "^1.0.10"

github-from-package@0.0.0:
  version "0.0.0"

gl@^6.0.0:
  version "6.0.2"
  dependencies:
    bindings "^1.5.0"
    bit-twiddle "^1.0.2"
    glsl-tokenizer "^2.1.5"
    nan "^2.17.0"
    node-abi "^3.26.0"
    node-gyp "^9.2.0"
    prebuild-install "^7.1.1"

glob-parent@~5.1.2:
  version "5.1.2"
  dependencies:
    is-glob "^4.0.1"

glob@^10.2.2:
  version "10.3.0"
  dependencies:
    foreground-child "^3.1.0"
    jackspeak "^2.0.3"
    minimatch "^9.0.1"
    minipass "^5.0.0 || ^6.0.2"
    path-scurry "^1.7.0"

glob@^10.3.3:
  version "10.3.3"
  dependencies:
    foreground-child "^3.1.0"
    jackspeak "^2.0.3"
    minimatch "^9.0.1"
    minipass "^5.0.0 || ^6.0.2 || ^7.0.0"
    path-scurry "^1.10.1"

glob@^6.0.1:
  version "6.0.4"
  dependencies:
    inflight "^1.0.4"
    inherits "2"
    minimatch "2 || 3"
    once "^1.3.0"
    path-is-absolute "^1.0.0"

glob@^7.1.3:
  version "7.2.3"
  dependencies:
    fs.realpath "^1.0.0"
    inflight "^1.0.4"
    inherits "2"
    minimatch "^3.1.1"
    once "^1.3.0"
    path-is-absolute "^1.0.0"

glob@^7.1.4:
  version "7.2.3"
  dependencies:
    fs.realpath "^1.0.0"
    inflight "^1.0.4"
    inherits "2"
    minimatch "^3.1.1"
    once "^1.3.0"
    path-is-absolute "^1.0.0"

glob@7.2.0:
  version "7.2.0"
  dependencies:
    fs.realpath "^1.0.0"
    inflight "^1.0.4"
    inherits "2"
    minimatch "^3.0.4"
    once "^1.3.0"
    path-is-absolute "^1.0.0"

global@~4.4.0:
  version "4.4.0"
  dependencies:
    min-document "^2.19.0"
    process "^0.11.10"

glsl-tokenizer@^2.1.5:
  version "2.1.5"
  dependencies:
    through2 "^0.6.3"

graceful-fs@^4.2.6:
  version "4.2.11"

har-schema@^2.0.0:
  version "2.0.0"

har-validator@~5.1.3:
  version "5.1.5"
  dependencies:
    ajv "^6.12.3"
    har-schema "^2.0.0"

has-flag@^3.0.0:
  version "3.0.0"

has-flag@^4.0.0:
  version "4.0.0"

has-unicode@^2.0.1:
  version "2.0.1"

he@1.2.0:
  version "1.2.0"

htmlparser2@^3.9.1:
  version "3.10.1"
  dependencies:
    domelementtype "^1.3.1"
    domhandler "^2.3.0"
    domutils "^1.5.1"
    entities "^1.1.1"
    inherits "^2.0.1"
    readable-stream "^3.1.1"

http-cache-semantics@^4.1.1:
  version "4.1.1"

http-proxy-agent@^5.0.0:
  version "5.0.0"
  dependencies:
    "@tootallnate/once" "2"
    agent-base "6"
    debug "4"

http-signature@~1.2.0:
  version "1.2.0"
  dependencies:
    assert-plus "^1.0.0"
    jsprim "^1.2.2"
    sshpk "^1.7.0"

https-proxy-agent@^5.0.0:
  version "5.0.1"
  dependencies:
    agent-base "6"
    debug "4"

humanize-ms@^1.2.1:
  version "1.2.1"
  dependencies:
    ms "^2.0.0"

iconv-lite@^0.6.2:
  version "0.6.3"
  dependencies:
    safer-buffer ">= 2.1.2 < 3.0.0"

ieee754@^1.1.13, ieee754@^1.2.1:
  version "1.2.1"

ignore-by-default@^1.0.1:
  version "1.0.1"

image-q@^4.0.0:
  version "4.0.0"
  dependencies:
    "@types/node" "16.9.1"

imurmurhash@^0.1.4:
  version "0.1.4"

indent-string@^4.0.0:
  version "4.0.0"

inflight@^1.0.4:
  version "1.0.6"
  dependencies:
    once "^1.3.0"
    wrappy "1"

inherits@^2.0.1, inherits@^2.0.3, inherits@^2.0.4, inherits@~2.0.1, inherits@2:
  version "2.0.4"

ini@~1.3.0:
  version "1.3.8"

iota-array@^1.0.0:
  version "1.0.0"

ip@^2.0.0:
  version "2.0.0"

is-binary-path@~2.1.0:
  version "2.1.0"
  dependencies:
    binary-extensions "^2.0.0"

is-buffer@^1.0.2:
  version "1.1.6"

is-extglob@^2.1.1:
  version "2.1.1"

is-fullwidth-code-point@^3.0.0:
  version "3.0.0"

is-function@^1.0.1:
  version "1.0.2"

is-glob@^4.0.1, is-glob@~4.0.1:
  version "4.0.3"
  dependencies:
    is-extglob "^2.1.1"

is-lambda@^1.0.1:
  version "1.0.1"

is-number@^7.0.0:
  version "7.0.0"

is-plain-obj@^2.1.0:
  version "2.1.0"

is-svg@^4.3.1:
  version "4.4.0"
  dependencies:
    fast-xml-parser "^4.1.3"

is-typedarray@~1.0.0:
  version "1.0.0"

is-unicode-supported@^0.1.0:
  version "0.1.0"

isarray@0.0.1:
  version "0.0.1"

isexe@^2.0.0:
  version "2.0.0"

isomorphic-fetch@^3.0.0:
  version "3.0.0"
  dependencies:
    node-fetch "^2.6.1"
    whatwg-fetch "^3.4.1"

isstream@~0.1.2:
  version "0.1.2"

jackspeak@^2.0.3:
  version "2.2.1"
  dependencies:
    "@isaacs/cliui" "^8.0.2"
  optionalDependencies:
    "@pkgjs/parseargs" "^0.11.0"

jimp@^0.22.8:
  version "0.22.8"
  dependencies:
    "@jimp/custom" "^0.22.8"
    "@jimp/plugins" "^0.22.8"
    "@jimp/types" "^0.22.8"
    regenerator-runtime "^0.13.3"

jpeg-js@^0.4.1, jpeg-js@^0.4.4:
  version "0.4.4"

js-levenshtein@^1.1.6:
  version "1.1.6"

js-yaml@4.1.0:
  version "4.1.0"
  dependencies:
    argparse "^2.0.1"

jsbn@~0.1.0:
  version "0.1.1"

json-schema-traverse@^0.4.1:
  version "0.4.1"

json-schema@0.4.0:
  version "0.4.0"

json-stringify-safe@~5.0.1:
  version "5.0.1"

jsprim@^1.2.2:
  version "1.4.2"
  dependencies:
    assert-plus "1.0.0"
    extsprintf "1.3.0"
    json-schema "0.4.0"
    verror "1.10.0"

kareem@2.5.1:
  version "2.5.1"

load-bmfont@^1.4.1:
  version "1.4.1"
  dependencies:
    buffer-equal "0.0.1"
    mime "^1.3.4"
    parse-bmfont-ascii "^1.0.3"
    parse-bmfont-binary "^1.0.5"
    parse-bmfont-xml "^1.1.4"
    phin "^2.9.1"
    xhr "^2.0.1"
    xtend "^4.0.0"

locate-path@^6.0.0:
  version "6.0.0"
  dependencies:
    p-locate "^5.0.0"

lodash.assignin@^4.0.9:
  version "4.2.0"

lodash.bind@^4.1.4:
  version "4.2.1"

lodash.compact@^3.0.0:
  version "3.0.1"

lodash.defaults@^4.0.1:
  version "4.2.0"

lodash.filter@^4.4.0:
  version "4.6.0"

lodash.flatten@^4.2.0:
  version "4.4.0"

lodash.foreach@^4.3.0:
  version "4.5.0"

lodash.map@^4.4.0:
  version "4.6.0"

lodash.merge@^4.4.0:
  version "4.6.2"

lodash.pick@^4.2.1:
  version "4.4.0"

lodash.reduce@^4.4.0:
  version "4.6.0"

lodash.reject@^4.4.0:
  version "4.6.0"

lodash.snakecase@^4.1.1:
  version "4.1.1"

lodash.some@^4.4.0:
  version "4.6.0"

lodash.uniq@^4.5.0:
  version "4.5.0"

lodash@^4.17.21:
  version "4.17.21"

log-symbols@4.1.0:
  version "4.1.0"
  dependencies:
    chalk "^4.1.0"
    is-unicode-supported "^0.1.0"

loupe@^2.3.1:
  version "2.3.6"
  dependencies:
    get-func-name "^2.0.0"

lru-cache@^6.0.0:
  version "6.0.0"
  dependencies:
    yallist "^4.0.0"

lru-cache@^7.7.1:
  version "7.18.3"

"lru-cache@^9.1.1 || ^10.0.0":
  version "10.0.0"

lru-cache@^9.1.1:
  version "9.1.1"

make-dir@^3.1.0:
  version "3.1.0"
  dependencies:
    semver "^6.0.0"

make-error@^1.1.1:
  version "1.3.6"

make-fetch-happen@^11.0.3:
  version "11.1.1"
  dependencies:
    agentkeepalive "^4.2.1"
    cacache "^17.0.0"
    http-cache-semantics "^4.1.1"
    http-proxy-agent "^5.0.0"
    https-proxy-agent "^5.0.0"
    is-lambda "^1.0.1"
    lru-cache "^7.7.1"
    minipass "^5.0.0"
    minipass-fetch "^3.0.0"
    minipass-flush "^1.0.5"
    minipass-pipeline "^1.2.4"
    negotiator "^0.6.3"
    promise-retry "^2.0.1"
    socks-proxy-agent "^7.0.0"
    ssri "^10.0.0"

media-typer@^1.1.0:
  version "1.1.0"

memory-pager@^1.0.2:
  version "1.5.0"

mime-db@1.52.0:
  version "1.52.0"

mime-types@^2.0.1, mime-types@^2.1.12, mime-types@~2.1.19:
  version "2.1.35"
  dependencies:
    mime-db "1.52.0"

mime@^1.3.4:
  version "1.6.0"

mimic-response@^2.0.0:
  version "2.1.0"

mimic-response@^3.1.0:
  version "3.1.0"

min-document@^2.19.0:
  version "2.19.0"
  dependencies:
    dom-walk "^0.1.0"

minimatch@^3.0.4:
  version "3.1.2"
  dependencies:
    brace-expansion "^1.1.7"

minimatch@^3.1.1, minimatch@^3.1.2, "minimatch@2 || 3":
  version "3.1.2"
  dependencies:
    brace-expansion "^1.1.7"

minimatch@^9.0.1:
  version "9.0.1"
  dependencies:
    brace-expansion "^2.0.1"

minimatch@5.0.1:
  version "5.0.1"
  dependencies:
    brace-expansion "^2.0.1"

minimist@^1.2.0, minimist@^1.2.3, minimist@^1.2.6:
  version "1.2.8"

minipass-collect@^1.0.2:
  version "1.0.2"
  dependencies:
    minipass "^3.0.0"

minipass-fetch@^3.0.0:
  version "3.0.3"
  dependencies:
    minipass "^5.0.0"
    minipass-sized "^1.0.3"
    minizlib "^2.1.2"
  optionalDependencies:
    encoding "^0.1.13"

minipass-flush@^1.0.5:
  version "1.0.5"
  dependencies:
    minipass "^3.0.0"

minipass-pipeline@^1.2.4:
  version "1.2.4"
  dependencies:
    minipass "^3.0.0"

minipass-sized@^1.0.3:
  version "1.0.3"
  dependencies:
    minipass "^3.0.0"

minipass@^3.0.0:
  version "3.3.6"
  dependencies:
    yallist "^4.0.0"

"minipass@^5.0.0 || ^6.0.2 || ^7.0.0":
  version "7.0.2"

"minipass@^5.0.0 || ^6.0.2":
  version "6.0.2"

minipass@^5.0.0:
  version "5.0.0"

minizlib@^2.1.1, minizlib@^2.1.2:
  version "2.1.2"
  dependencies:
    minipass "^3.0.0"
    yallist "^4.0.0"

mkdirp-classic@^0.5.2, mkdirp-classic@^0.5.3:
  version "0.5.3"

mkdirp@^1.0.3:
  version "1.0.4"

mkdirp@^2.1.3:
  version "2.1.6"

mkdirp@~0.5.1:
  version "0.5.6"
  dependencies:
    minimist "^1.2.6"

mocha@^10.2.0:
  version "10.2.0"
  dependencies:
    ansi-colors "4.1.1"
    browser-stdout "1.3.1"
    chokidar "3.5.3"
    debug "4.3.4"
    diff "5.0.0"
    escape-string-regexp "4.0.0"
    find-up "5.0.0"
    glob "7.2.0"
    he "1.2.0"
    js-yaml "4.1.0"
    log-symbols "4.1.0"
    minimatch "5.0.1"
    ms "2.1.3"
    nanoid "3.3.3"
    serialize-javascript "6.0.0"
    strip-json-comments "3.1.1"
    supports-color "8.1.1"
    workerpool "6.2.1"
    yargs "16.2.0"
    yargs-parser "20.2.4"
    yargs-unparser "2.0.0"

mongodb-connection-string-url@^2.6.0:
  version "2.6.0"
  dependencies:
    "@types/whatwg-url" "^8.2.1"
    whatwg-url "^11.0.0"

mongodb@5.6.0:
  version "5.6.0"
  dependencies:
    bson "^5.3.0"
    mongodb-connection-string-url "^2.6.0"
    socks "^2.7.1"
  optionalDependencies:
    saslprep "^1.0.3"

mongoose@^7.3.4:
  version "7.3.4"
  dependencies:
    bson "^5.3.0"
    kareem "2.5.1"
    mongodb "5.6.0"
    mpath "0.9.0"
    mquery "5.0.0"
    ms "2.1.3"
    sift "16.0.1"

mpath@0.9.0:
  version "0.9.0"

mquery@5.0.0:
  version "5.0.0"
  dependencies:
    debug "4.x"

ms@^2.0.0, ms@^2.1.1, ms@2.1.3:
  version "2.1.3"

ms@2.1.2:
  version "2.1.2"

multi-progress@^4.0.0:
  version "4.0.0"

music-metadata@^8.1.4:
  version "8.1.4"
  dependencies:
    "@tokenizer/token" "^0.3.0"
    content-type "^1.0.5"
    debug "^4.3.4"
    file-type "^18.2.1"
    media-typer "^1.1.0"
    strtok3 "^7.0.0"
    token-types "^5.0.1"

mv@^2.1.1:
  version "2.1.1"
  dependencies:
    mkdirp "~0.5.1"
    ncp "~2.0.0"
    rimraf "~2.4.0"

nan@^2.17.0:
  version "2.17.0"

nanoid@3.3.3:
  version "3.3.3"

napi-build-utils@^1.0.1:
  version "1.0.2"

ncp@~2.0.0:
  version "2.0.0"

ndarray-pack@^1.1.1:
  version "1.2.1"
  dependencies:
    cwise-compiler "^1.1.2"
    ndarray "^1.0.13"

ndarray@^1.0.13:
  version "1.0.19"
  dependencies:
    iota-array "^1.0.0"
    is-buffer "^1.0.2"

negotiator@^0.6.3:
  version "0.6.3"

node-abi@^3.26.0, node-abi@^3.3.0:
  version "3.45.0"
  dependencies:
    semver "^7.3.5"

node-addon-api@^5.0.0:
  version "5.1.0"

node-bitmap@0.0.1:
  version "0.0.1"

node-fetch@^2.6.1, node-fetch@^2.6.7:
  version "2.6.11"
  dependencies:
    whatwg-url "^5.0.0"

node-gyp@^9.2.0:
  version "9.4.0"
  dependencies:
    env-paths "^2.2.0"
    exponential-backoff "^3.1.1"
    glob "^7.1.4"
    graceful-fs "^4.2.6"
    make-fetch-happen "^11.0.3"
    nopt "^6.0.0"
    npmlog "^6.0.0"
    rimraf "^3.0.2"
    semver "^7.3.5"
    tar "^6.1.2"
    which "^2.0.2"

nodemon@^2.0.12:
  version "2.0.22"
  dependencies:
    chokidar "^3.5.2"
    debug "^3.2.7"
    ignore-by-default "^1.0.1"
    minimatch "^3.1.2"
    pstree.remy "^1.1.8"
    semver "^5.7.1"
    simple-update-notifier "^1.0.7"
    supports-color "^5.5.0"
    touch "^3.1.0"
    undefsafe "^2.0.5"

nopt@^5.0.0:
  version "5.0.0"
  dependencies:
    abbrev "1"

nopt@^6.0.0:
  version "6.0.0"
  dependencies:
    abbrev "^1.0.0"

nopt@~1.0.10:
  version "1.0.10"
  dependencies:
    abbrev "1"

normalize-path@^3.0.0, normalize-path@~3.0.0:
  version "3.0.0"

npmlog@^5.0.1:
  version "5.0.1"
  dependencies:
    are-we-there-yet "^2.0.0"
    console-control-strings "^1.1.0"
    gauge "^3.0.0"
    set-blocking "^2.0.0"

npmlog@^6.0.0:
  version "6.0.2"
  dependencies:
    are-we-there-yet "^3.0.0"
    console-control-strings "^1.1.0"
    gauge "^4.0.3"
    set-blocking "^2.0.0"

nth-check@~1.0.1:
  version "1.0.2"
  dependencies:
    boolbase "~1.0.0"

oauth-sign@~0.9.0:
  version "0.9.0"

object-assign@^4.1.1:
  version "4.1.1"

omggif@^1.0.10, omggif@^1.0.5, omggif@^1.0.9:
  version "1.0.10"

once@^1.3.0, once@^1.3.1, once@^1.4.0:
  version "1.4.0"
  dependencies:
    wrappy "1"

p-limit@^3.0.2:
  version "3.1.0"
  dependencies:
    yocto-queue "^0.1.0"

p-locate@^5.0.0:
  version "5.0.0"
  dependencies:
    p-limit "^3.0.2"

p-map@^4.0.0:
  version "4.0.0"
  dependencies:
    aggregate-error "^3.0.0"

pako@^1.0.11:
  version "1.0.11"

parse-bmfont-ascii@^1.0.3:
  version "1.0.6"

parse-bmfont-binary@^1.0.5:
  version "1.0.6"

parse-bmfont-xml@^1.1.4:
  version "1.1.4"
  dependencies:
    xml-parse-from-string "^1.0.0"
    xml2js "^0.4.5"

parse-data-uri@^0.2.0:
  version "0.2.0"
  dependencies:
    data-uri-to-buffer "0.0.3"

parse-headers@^2.0.0:
  version "2.0.5"

path-exists@^4.0.0:
  version "4.0.0"

path-is-absolute@^1.0.0:
  version "1.0.1"

path-key@^3.1.0:
  version "3.1.1"

path-scurry@^1.10.1:
  version "1.10.1"
  dependencies:
    lru-cache "^9.1.1 || ^10.0.0"
    minipass "^5.0.0 || ^6.0.2 || ^7.0.0"

path-scurry@^1.7.0:
  version "1.9.2"
  dependencies:
    lru-cache "^9.1.1"
    minipass "^5.0.0 || ^6.0.2"

pathval@^1.1.1:
  version "1.1.1"

peek-readable@^4.1.0:
  version "4.1.0"

peek-readable@^5.0.0:
  version "5.0.0"

performance-now@^2.1.0:
  version "2.1.0"

pet-pet-gif@^1.0.9:
  version "1.0.9"
  dependencies:
    gifencoder "^2.0.1"
    lodash "^4.17.21"

phin@^2.9.1:
  version "2.9.3"

picomatch@^2.0.4, picomatch@^2.2.1:
  version "2.3.1"

pify@^5.0.0:
  version "5.0.0"

pixelmatch@^4.0.2:
  version "4.0.2"
  dependencies:
    pngjs "^3.0.0"

pngjs@^3.0.0, pngjs@^3.3.3:
  version "3.4.0"

pngjs@^6.0.0:
  version "6.0.0"

prebuild-install@^7.1.1:
  version "7.1.1"
  dependencies:
    detect-libc "^2.0.0"
    expand-template "^2.0.3"
    github-from-package "0.0.0"
    minimist "^1.2.3"
    mkdirp-classic "^0.5.3"
    napi-build-utils "^1.0.1"
    node-abi "^3.3.0"
    pump "^3.0.0"
    rc "^1.2.7"
    simple-get "^4.0.0"
    tar-fs "^2.0.0"
    tunnel-agent "^0.6.0"

prism-media@^1.3.5:
  version "1.3.5"

process@^0.11.10:
  version "0.11.10"

progress@^2.0.0, progress@^2.0.3:
  version "2.0.3"

promise-retry@^2.0.1:
  version "2.0.1"
  dependencies:
    err-code "^2.0.2"
    retry "^0.12.0"

proxy-from-env@^1.1.0:
  version "1.1.0"

psl@^1.1.28:
  version "1.9.0"

pstree.remy@^1.1.8:
  version "1.1.8"

pump@^3.0.0:
  version "3.0.0"
  dependencies:
    end-of-stream "^1.1.0"
    once "^1.3.1"

punycode@^2.1.0, punycode@^2.1.1:
  version "2.3.0"

qs@~6.5.2:
  version "6.5.3"

quantize@^1.0.1:
  version "1.0.2"

randombytes@^2.1.0:
  version "2.1.0"
  dependencies:
    safe-buffer "^5.1.0"

rc@^1.2.7:
  version "1.2.8"
  dependencies:
    deep-extend "^0.6.0"
    ini "~1.3.0"
    minimist "^1.2.0"
    strip-json-comments "~2.0.1"

rcon.js@^1.0.0:
  version "1.0.0"

readable-stream@^3.1.1, readable-stream@^3.4.0, readable-stream@^3.6.0:
  version "3.6.2"
  dependencies:
    inherits "^2.0.3"
    string_decoder "^1.1.1"
    util-deprecate "^1.0.1"

"readable-stream@>=1.0.33-1 <1.1.0-0":
  version "1.0.34"
  dependencies:
    core-util-is "~1.0.0"
    inherits "~2.0.1"
    isarray "0.0.1"
    string_decoder "~0.10.x"

readable-web-to-node-stream@^3.0.0, readable-web-to-node-stream@^3.0.2:
  version "3.0.2"
  dependencies:
    readable-stream "^3.6.0"

readdirp@~3.6.0:
  version "3.6.0"
  dependencies:
    picomatch "^2.2.1"

reflect-metadata@^0.1.13:
  version "0.1.13"

regenerator-runtime@^0.13.3:
  version "0.13.11"

replace-last@^1.2.6:
  version "1.2.6"

request@^2.44.0:
  version "2.88.2"
  dependencies:
    aws-sign2 "~0.7.0"
    aws4 "^1.8.0"
    caseless "~0.12.0"
    combined-stream "~1.0.6"
    extend "~3.0.2"
    forever-agent "~0.6.1"
    form-data "~2.3.2"
    har-validator "~5.1.3"
    http-signature "~1.2.0"
    is-typedarray "~1.0.0"
    isstream "~0.1.2"
    json-stringify-safe "~5.0.1"
    mime-types "~2.1.19"
    oauth-sign "~0.9.0"
    performance-now "^2.1.0"
    qs "~6.5.2"
    safe-buffer "^5.1.2"
    tough-cookie "~2.5.0"
    tunnel-agent "^0.6.0"
    uuid "^3.3.2"

require-directory@^2.1.1:
  version "2.1.1"

retry@^0.12.0:
  version "0.12.0"

rimraf@^3.0.2:
  version "3.0.2"
  dependencies:
    glob "^7.1.3"

rimraf@~2.4.0:
  version "2.4.5"
  dependencies:
    glob "^6.0.1"

safe-buffer@^5.0.1, safe-buffer@^5.1.0, safe-buffer@^5.1.2, safe-buffer@~5.2.0:
  version "5.2.1"

safer-buffer@^2.0.2, safer-buffer@^2.1.0, "safer-buffer@>= 2.1.2 < 3.0.0", safer-buffer@~2.1.0:
  version "2.1.2"

saslprep@^1.0.3:
  version "1.0.3"
  dependencies:
    sparse-bitfield "^3.0.3"

sax@>=0.6.0:
  version "1.2.4"

semver@^5.7.1:
  version "5.7.1"

semver@^6.0.0:
  version "6.3.0"

semver@^7.3.5:
  version "7.5.1"
  dependencies:
    lru-cache "^6.0.0"

semver@~7.0.0:
  version "7.0.0"

serialize-javascript@6.0.0:
  version "6.0.0"
  dependencies:
    randombytes "^2.1.0"

set-blocking@^2.0.0:
  version "2.0.0"

shebang-command@^2.0.0:
  version "2.0.0"
  dependencies:
    shebang-regex "^3.0.0"

shebang-regex@^3.0.0:
  version "3.0.0"

sift@16.0.1:
  version "16.0.1"

signal-exit@^3.0.0, signal-exit@^3.0.7:
  version "3.0.7"

signal-exit@^4.0.1:
  version "4.0.2"

simple-concat@^1.0.0:
  version "1.0.1"

simple-get@^3.0.3:
  version "3.1.1"
  dependencies:
    decompress-response "^4.2.0"
    once "^1.3.1"
    simple-concat "^1.0.0"

simple-get@^4.0.0:
  version "4.0.1"
  dependencies:
    decompress-response "^6.0.0"
    once "^1.3.1"
    simple-concat "^1.0.0"

simple-update-notifier@^1.0.7:
  version "1.1.0"
  dependencies:
    semver "~7.0.0"

smart-buffer@^4.2.0:
  version "4.2.0"

socks-proxy-agent@^7.0.0:
  version "7.0.0"
  dependencies:
    agent-base "^6.0.2"
    debug "^4.3.3"
    socks "^2.6.2"

socks@^2.6.2, socks@^2.7.1:
  version "2.7.1"
  dependencies:
    ip "^2.0.0"
    smart-buffer "^4.2.0"

sparse-bitfield@^3.0.3:
  version "3.0.3"
  dependencies:
    memory-pager "^1.0.2"

sshpk@^1.7.0:
  version "1.17.0"
  dependencies:
    asn1 "~0.2.3"
    assert-plus "^1.0.0"
    bcrypt-pbkdf "^1.0.0"
    dashdash "^1.12.0"
    ecc-jsbn "~0.1.1"
    getpass "^0.1.1"
    jsbn "~0.1.0"
    safer-buffer "^2.0.2"
    tweetnacl "~0.14.0"

ssri@^10.0.0:
  version "10.0.4"
  dependencies:
    minipass "^5.0.0"

streamsearch@^1.1.0:
  version "1.1.0"

string_decoder@^1.1.1:
  version "1.3.0"
  dependencies:
    safe-buffer "~5.2.0"

string_decoder@~0.10.x:
  version "0.10.31"

"string-width-cjs@npm:string-width@^4.2.0":
  version "4.2.3"
  dependencies:
    emoji-regex "^8.0.0"
    is-fullwidth-code-point "^3.0.0"
    strip-ansi "^6.0.1"

"string-width@^1.0.2 || 2 || 3 || 4", string-width@^4.1.0, string-width@^4.2.0, string-width@^4.2.3:
  version "4.2.3"
  dependencies:
    emoji-regex "^8.0.0"
    is-fullwidth-code-point "^3.0.0"
    strip-ansi "^6.0.1"

string-width@^5.0.1, string-width@^5.1.2:
  version "5.1.2"
  dependencies:
    eastasianwidth "^0.2.0"
    emoji-regex "^9.2.2"
    strip-ansi "^7.0.1"

"strip-ansi-cjs@npm:strip-ansi@^6.0.1":
  version "6.0.1"
  dependencies:
    ansi-regex "^5.0.1"

strip-ansi@^6.0.0, strip-ansi@^6.0.1:
  version "6.0.1"
  dependencies:
    ansi-regex "^5.0.1"

strip-ansi@^7.0.1:
  version "7.1.0"
  dependencies:
    ansi-regex "^6.0.1"

strip-json-comments@~2.0.1:
  version "2.0.1"

strip-json-comments@3.1.1:
  version "3.1.1"

strnum@^1.0.5:
  version "1.0.5"

strtok3@^6.2.4:
  version "6.3.0"
  dependencies:
    "@tokenizer/token" "^0.3.0"
    peek-readable "^4.1.0"

strtok3@^7.0.0:
  version "7.0.0"
  dependencies:
    "@tokenizer/token" "^0.3.0"
    peek-readable "^5.0.0"

supports-color@^5.5.0:
  version "5.5.0"
  dependencies:
    has-flag "^3.0.0"

supports-color@^7.1.0:
  version "7.2.0"
  dependencies:
    has-flag "^4.0.0"

supports-color@8.1.1:
  version "8.1.1"
  dependencies:
    has-flag "^4.0.0"

systeminformation@^5.18.7:
  version "5.18.7"

tar-fs@^2.0.0:
  version "2.1.1"
  dependencies:
    chownr "^1.1.1"
    mkdirp-classic "^0.5.2"
    pump "^3.0.0"
    tar-stream "^2.1.4"

tar-stream@^2.1.4:
  version "2.2.0"
  dependencies:
    bl "^4.0.3"
    end-of-stream "^1.4.1"
    fs-constants "^1.0.0"
    inherits "^2.0.3"
    readable-stream "^3.1.1"

tar@^6.1.11, tar@^6.1.2:
  version "6.1.15"
  dependencies:
    chownr "^2.0.0"
    fs-minipass "^2.0.0"
    minipass "^5.0.0"
    minizlib "^2.1.1"
    mkdirp "^1.0.3"
    yallist "^4.0.0"

three-obj-mtl-loader@^1.0.3:
  version "1.0.3"

three@^0.131.1, "three@>= 0.91":
  version "0.131.3"

through@^2.3.4:
  version "2.3.8"

through2@^0.6.3:
  version "0.6.5"
  dependencies:
    readable-stream ">=1.0.33-1 <1.1.0-0"
    xtend ">=4.0.0 <4.1.0-0"

timm@^1.6.1:
  version "1.7.1"

tinycolor2@^1.6.0:
  version "1.6.0"

to-regex-range@^5.0.1:
  version "5.0.1"
  dependencies:
    is-number "^7.0.0"

token-types@^4.1.1:
  version "4.2.1"
  dependencies:
    "@tokenizer/token" "^0.3.0"
    ieee754 "^1.2.1"

token-types@^5.0.1:
  version "5.0.1"
  dependencies:
    "@tokenizer/token" "^0.3.0"
    ieee754 "^1.2.1"

touch@^3.1.0:
  version "3.1.0"
  dependencies:
    nopt "~1.0.10"

tough-cookie@~2.5.0:
  version "2.5.0"
  dependencies:
    psl "^1.1.28"
    punycode "^2.1.1"

tr46@^3.0.0:
  version "3.0.0"
  dependencies:
    punycode "^2.1.1"

tr46@~0.0.3:
  version "0.0.3"

ts-mixer@^6.0.3:
  version "6.0.3"

ts-node@^10.4.0:
  version "10.9.1"
  dependencies:
    "@cspotcode/source-map-support" "^0.8.0"
    "@tsconfig/node10" "^1.0.7"
    "@tsconfig/node12" "^1.0.7"
    "@tsconfig/node14" "^1.0.0"
    "@tsconfig/node16" "^1.0.2"
    acorn "^8.4.1"
    acorn-walk "^8.1.1"
    arg "^4.1.0"
    create-require "^1.1.0"
    diff "^4.0.1"
    make-error "^1.1.1"
    v8-compile-cache-lib "^3.0.1"
    yn "3.1.1"

tslib@^1.9.3:
  version "1.14.1"

tslib@^2.5.0:
  version "2.5.2"

tunnel-agent@^0.6.0:
  version "0.6.0"
  dependencies:
    safe-buffer "^5.0.1"

tweetnacl@^0.14.3:
  version "0.14.5"

tweetnacl@^1.0.3:
  version "1.0.3"

tweetnacl@~0.14.0:
  version "0.14.5"

type-detect@^4.0.0, type-detect@^4.0.5:
  version "4.0.8"

typescript@^5.1.6, typescript@>=2.7:
  version "5.1.6"

undefsafe@^2.0.5:
  version "2.0.5"

undici@^5.22.0:
  version "5.22.1"
  dependencies:
    busboy "^1.6.0"

uniq@^1.0.0:
  version "1.0.1"

unique-filename@^3.0.0:
  version "3.0.0"
  dependencies:
    unique-slug "^4.0.0"

unique-slug@^4.0.0:
  version "4.0.0"
  dependencies:
    imurmurhash "^0.1.4"

uri-js@^4.2.2:
  version "4.4.1"
  dependencies:
    punycode "^2.1.0"

utif2@^4.0.1:
  version "4.1.0"
  dependencies:
    pako "^1.0.11"

util-deprecate@^1.0.1:
  version "1.0.2"

uuid@^3.3.2:
  version "3.4.0"

v8-compile-cache-lib@^3.0.1:
  version "3.0.1"

verror@1.10.0:
  version "1.10.0"
  dependencies:
    assert-plus "^1.0.0"
    core-util-is "1.0.2"
    extsprintf "^1.2.0"

webidl-conversions@^3.0.0:
  version "3.0.1"

webidl-conversions@^7.0.0:
  version "7.0.0"

whatwg-fetch@^3.4.1:
  version "3.6.2"

whatwg-url@^11.0.0:
  version "11.0.0"
  dependencies:
    tr46 "^3.0.0"
    webidl-conversions "^7.0.0"

whatwg-url@^5.0.0:
  version "5.0.0"
  dependencies:
    tr46 "~0.0.3"
    webidl-conversions "^3.0.0"

which@^2.0.1, which@^2.0.2:
  version "2.0.2"
  dependencies:
    isexe "^2.0.0"

wide-align@^1.1.2, wide-align@^1.1.5:
  version "1.1.5"
  dependencies:
    string-width "^1.0.2 || 2 || 3 || 4"

workerpool@6.2.1:
  version "6.2.1"

"wrap-ansi-cjs@npm:wrap-ansi@^7.0.0":
  version "7.0.0"
  dependencies:
    ansi-styles "^4.0.0"
    string-width "^4.1.0"
    strip-ansi "^6.0.0"

wrap-ansi@^7.0.0:
  version "7.0.0"
  dependencies:
    ansi-styles "^4.0.0"
    string-width "^4.1.0"
    strip-ansi "^6.0.0"

wrap-ansi@^8.1.0:
  version "8.1.0"
  dependencies:
    ansi-styles "^6.1.0"
    string-width "^5.0.1"
    strip-ansi "^7.0.1"

wrappy@1:
  version "1.0.2"

ws@^8.13.0:
  version "8.13.0"

xhr@^2.0.1:
  version "2.6.0"
  dependencies:
    global "~4.4.0"
    is-function "^1.0.1"
    parse-headers "^2.0.0"
    xtend "^4.0.0"

xml-parse-from-string@^1.0.0:
  version "1.0.1"

xml2js@^0.4.5:
  version "0.4.23"
  dependencies:
    sax ">=0.6.0"
    xmlbuilder "~11.0.0"

xmlbuilder@~11.0.0:
  version "11.0.1"

xtend@^4.0.0, "xtend@>=4.0.0 <4.1.0-0":
  version "4.0.2"

y18n@^5.0.5:
  version "5.0.8"

yallist@^4.0.0:
  version "4.0.0"

yargs-parser@^20.2.2:
  version "20.2.9"

yargs-parser@20.2.4:
  version "20.2.4"

yargs-unparser@2.0.0:
  version "2.0.0"
  dependencies:
    camelcase "^6.0.0"
    decamelize "^4.0.0"
    flat "^5.0.2"
    is-plain-obj "^2.1.0"

yargs@16.2.0:
  version "16.2.0"
  dependencies:
    cliui "^7.0.2"
    escalade "^3.1.1"
    get-caller-file "^2.0.5"
    require-directory "^2.1.1"
    string-width "^4.2.0"
    y18n "^5.0.5"
    yargs-parser "^20.2.2"

yn@3.1.1:
  version "3.1.1"

yocto-queue@^0.1.0:
  version "0.1.0"
